
Microsoft Visual Studio Solution File, Format Version 12.00
# Visual Studio Version 17
VisualStudioVersion = 17.14.36518.9 d17.14
MinimumVisualStudioVersion = 10.0.40219.1
Project("{FAE04EC0-301F-11D3-BF4B-00C04F79EFBC}") = "FrmVector", "FrmVector\FrmVector.csproj", "{DC758C4B-1121-4FEE-A21B-2B3EA0B13A80}"
EndProject
Global
	GlobalSection(SolutionConfigurationPlatforms) = preSolution
		Debug|Any CPU = Debug|Any CPU
		Release|Any CPU = Release|Any CPU
	EndGlobalSection
	GlobalSection(ProjectConfigurationPlatforms) = postSolution
		{DC758C4B-1121-4FEE-A21B-2B3EA0B13A80}.Debug|Any CPU.ActiveCfg = Debug|Any CPU
		{DC758C4B-1121-4FEE-A21B-2B3EA0B13A80}.Debug|Any CPU.Build.0 = Debug|Any CPU
		{DC758C4B-1121-4FEE-A21B-2B3EA0B13A80}.Release|Any CPU.ActiveCfg = Release|Any CPU
		{DC758C4B-1121-4FEE-A21B-2B3EA0B13A80}.Release|Any CPU.Build.0 = Release|Any CPU
	EndGlobalSection
	GlobalSection(SolutionProperties) = preSolution
		HideSolutionNode = FALSE
	EndGlobalSection
	GlobalSection(ExtensibilityGlobals) = postSolution
		SolutionGuid = {CD0441C0-062D-4E12-A98F-41EBD67CFABA}
	EndGlobalSection
EndGlobal
