
Microsoft Visual Studio Solution File, Format Version 12.00
# Visual Studio Version 17
VisualStudioVersion = 17.9.34728.123
MinimumVisualStudioVersion = 10.0.40219.1
Project("{FAE04EC0-301F-11D3-BF4B-00C04F79EFBC}") = "sistematico", "sistematico\sistematico.csproj", "{0DB655D6-8A11-4843-B928-4DB58E447875}"
EndProject
Global
	GlobalSection(SolutionConfigurationPlatforms) = preSolution
		Debug|Any CPU = Debug|Any CPU
		Release|Any CPU = Release|Any CPU
	EndGlobalSection
	GlobalSection(ProjectConfigurationPlatforms) = postSolution
		{0DB655D6-8A11-4843-B928-4DB58E447875}.Debug|Any CPU.ActiveCfg = Debug|Any CPU
		{0DB655D6-8A11-4843-B928-4DB58E447875}.Debug|Any CPU.Build.0 = Debug|Any CPU
		{0DB655D6-8A11-4843-B928-4DB58E447875}.Release|Any CPU.ActiveCfg = Release|Any CPU
		{0DB655D6-8A11-4843-B928-4DB58E447875}.Release|Any CPU.Build.0 = Release|Any CPU
	EndGlobalSection
	GlobalSection(SolutionProperties) = preSolution
		HideSolutionNode = FALSE
	EndGlobalSection
	GlobalSection(ExtensibilityGlobals) = postSolution
		SolutionGuid = {9721F6BB-A40C-4864-8CEE-63210C0C0D6D}
	EndGlobalSection
EndGlobal
