
Microsoft Visual Studio Solution File, Format Version 12.00
# Visual Studio Version 17
VisualStudioVersion = 17.14.36518.9 d17.14
MinimumVisualStudioVersion = 10.0.40219.1
Project("{FAE04EC0-301F-11D3-BF4B-00C04F79EFBC}") = "FrmListas", "FrmListas\FrmListas.csproj", "{DFBDD77F-E2B1-4DD6-AD19-D6B2B1B17D66}"
EndProject
Global
	GlobalSection(SolutionConfigurationPlatforms) = preSolution
		Debug|Any CPU = Debug|Any CPU
		Release|Any CPU = Release|Any CPU
	EndGlobalSection
	GlobalSection(ProjectConfigurationPlatforms) = postSolution
		{DFBDD77F-E2B1-4DD6-AD19-D6B2B1B17D66}.Debug|Any CPU.ActiveCfg = Debug|Any CPU
		{DFBDD77F-E2B1-4DD6-AD19-D6B2B1B17D66}.Debug|Any CPU.Build.0 = Debug|Any CPU
		{DFBDD77F-E2B1-4DD6-AD19-D6B2B1B17D66}.Release|Any CPU.ActiveCfg = Release|Any CPU
		{DFBDD77F-E2B1-4DD6-AD19-D6B2B1B17D66}.Release|Any CPU.Build.0 = Release|Any CPU
	EndGlobalSection
	GlobalSection(SolutionProperties) = preSolution
		HideSolutionNode = FALSE
	EndGlobalSection
	GlobalSection(ExtensibilityGlobals) = postSolution
		SolutionGuid = {7605A1E1-3ECA-4299-8ABA-24662B2BE402}
	EndGlobalSection
EndGlobal
