
Microsoft Visual Studio Solution File, Format Version 12.00
# Visual Studio Version 17
VisualStudioVersion = 17.14.36518.9 d17.14
MinimumVisualStudioVersion = 10.0.40219.1
Project("{FAE04EC0-301F-11D3-BF4B-00C04F79EFBC}") = "Estudiantes", "Estudiantes\Estudiantes.csproj", "{B708A742-E85B-47BB-8008-849F47F35B58}"
EndProject
Global
	GlobalSection(SolutionConfigurationPlatforms) = preSolution
		Debug|Any CPU = Debug|Any CPU
		Release|Any CPU = Release|Any CPU
	EndGlobalSection
	GlobalSection(ProjectConfigurationPlatforms) = postSolution
		{B708A742-E85B-47BB-8008-849F47F35B58}.Debug|Any CPU.ActiveCfg = Debug|Any CPU
		{B708A742-E85B-47BB-8008-849F47F35B58}.Debug|Any CPU.Build.0 = Debug|Any CPU
		{B708A742-E85B-47BB-8008-849F47F35B58}.Release|Any CPU.ActiveCfg = Release|Any CPU
		{B708A742-E85B-47BB-8008-849F47F35B58}.Release|Any CPU.Build.0 = Release|Any CPU
	EndGlobalSection
	GlobalSection(SolutionProperties) = preSolution
		HideSolutionNode = FALSE
	EndGlobalSection
	GlobalSection(ExtensibilityGlobals) = postSolution
		SolutionGuid = {EE7E3F02-4407-48DD-84CB-930C4A008E87}
	EndGlobalSection
EndGlobal
